
Microsoft Visual Studio Solution File, Format Version 12.00
# Visual Studio Version 17
VisualStudioVersion = 17.2.32616.157
MinimumVisualStudioVersion = 10.0.40219.1
Project("{FAE04EC0-301F-11D3-BF4B-00C04F79EFBC}") = "QuotesApp.Android", "QuotesApp.Android\QuotesApp.Android.csproj", "{CD0AD76E-80B0-44A3-8A74-46746B5296CD}"
EndProject
Project("{FAE04EC0-301F-11D3-BF4B-00C04F79EFBC}") = "QuotesApp", "QuotesApp\QuotesApp.csproj", "{9AEC111C-8F45-48CD-B6ED-A7F9642AF250}"
EndProject
Global
	GlobalSection(SolutionConfigurationPlatforms) = preSolution
		Debug|Any CPU = Debug|Any CPU
		Release|Any CPU = Release|Any CPU
	EndGlobalSection
	GlobalSection(ProjectConfigurationPlatforms) = postSolution
		{CD0AD76E-80B0-44A3-8A74-46746B5296CD}.Debug|Any CPU.ActiveCfg = Debug|Any CPU
		{CD0AD76E-80B0-44A3-8A74-46746B5296CD}.Debug|Any CPU.Build.0 = Debug|Any CPU
		{CD0AD76E-80B0-44A3-8A74-46746B5296CD}.Debug|Any CPU.Deploy.0 = Debug|Any CPU
		{CD0AD76E-80B0-44A3-8A74-46746B5296CD}.Release|Any CPU.ActiveCfg = Release|Any CPU
		{CD0AD76E-80B0-44A3-8A74-46746B5296CD}.Release|Any CPU.Build.0 = Release|Any CPU
		{CD0AD76E-80B0-44A3-8A74-46746B5296CD}.Release|Any CPU.Deploy.0 = Release|Any CPU
		{9AEC111C-8F45-48CD-B6ED-A7F9642AF250}.Debug|Any CPU.ActiveCfg = Debug|Any CPU
		{9AEC111C-8F45-48CD-B6ED-A7F9642AF250}.Debug|Any CPU.Build.0 = Debug|Any CPU
		{9AEC111C-8F45-48CD-B6ED-A7F9642AF250}.Release|Any CPU.ActiveCfg = Release|Any CPU
		{9AEC111C-8F45-48CD-B6ED-A7F9642AF250}.Release|Any CPU.Build.0 = Release|Any CPU
	EndGlobalSection
	GlobalSection(SolutionProperties) = preSolution
		HideSolutionNode = FALSE
	EndGlobalSection
	GlobalSection(ExtensibilityGlobals) = postSolution
		SolutionGuid = {E5249BDC-6682-419A-8E50-D4E642A96F6F}
	EndGlobalSection
EndGlobal
